
Microsoft Visual Studio Solution File, Format Version 12.00
Project("{FAE04EC0-301F-11D3-BF4B-00C04F79EFBC}") = "BankSystem.Api", "BankSystem.Api\BankSystem.Api.csproj", "{79476B59-D6EC-4C2C-9910-4023D2D42054}"
EndProject
Project("{FAE04EC0-301F-11D3-BF4B-00C04F79EFBC}") = "BankSystem.Application", "BankSystem.Application\BankSystem.Application.csproj", "{942DDBA2-654F-4406-8E15-6A0B3C0238D7}"
EndProject
Project("{FAE04EC0-301F-11D3-BF4B-00C04F79EFBC}") = "BankSystem.Domain", "BankSystem.Domain\BankSystem.Domain.csproj", "{08202E06-5090-466C-85DD-B3EF2BB76E71}"
EndProject
Project("{FAE04EC0-301F-11D3-BF4B-00C04F79EFBC}") = "BankSystem.Api.Unit.Test", "BankSystem.Api.Unit.Test\BankSystem.Api.Unit.Test.csproj", "{24A4CD31-6005-40AF-979D-DACE413142F5}"
EndProject
Project("{FAE04EC0-301F-11D3-BF4B-00C04F79EFBC}") = "BankSystem.Infrastructure", "BankSystem.Infrastructure\BankSystem.Infrastructure.csproj", "{FD9226D5-05F3-40E0-9D6C-A9E38A0E1D84}"
EndProject
Project("{FAE04EC0-301F-11D3-BF4B-00C04F79EFBC}") = "BankSystem.Api.AppHost", "BankSystem.Api.AppHost\BankSystem.Api.AppHost.csproj", "{D4670529-29DE-4C7D-AF57-DF275A18F3E6}"
EndProject
Project("{FAE04EC0-301F-11D3-BF4B-00C04F79EFBC}") = "BankSystem.Api.ServiceDefaults", "BankSystem.Api.ServiceDefaults\BankSystem.Api.ServiceDefaults.csproj", "{B1DA3F4D-BF1B-4EFF-8A9A-2E9FF3A5D70B}"
EndProject
Global
	GlobalSection(SolutionConfigurationPlatforms) = preSolution
		Debug|Any CPU = Debug|Any CPU
		Debug|x64 = Debug|x64
		Debug|x86 = Debug|x86
		Release|Any CPU = Release|Any CPU
		Release|x64 = Release|x64
		Release|x86 = Release|x86
	EndGlobalSection
	GlobalSection(ProjectConfigurationPlatforms) = postSolution
		{79476B59-D6EC-4C2C-9910-4023D2D42054}.Debug|Any CPU.ActiveCfg = Debug|Any CPU
		{79476B59-D6EC-4C2C-9910-4023D2D42054}.Debug|Any CPU.Build.0 = Debug|Any CPU
		{79476B59-D6EC-4C2C-9910-4023D2D42054}.Debug|x64.ActiveCfg = Debug|Any CPU
		{79476B59-D6EC-4C2C-9910-4023D2D42054}.Debug|x64.Build.0 = Debug|Any CPU
		{79476B59-D6EC-4C2C-9910-4023D2D42054}.Debug|x86.ActiveCfg = Debug|Any CPU
		{79476B59-D6EC-4C2C-9910-4023D2D42054}.Debug|x86.Build.0 = Debug|Any CPU
		{79476B59-D6EC-4C2C-9910-4023D2D42054}.Release|Any CPU.ActiveCfg = Release|Any CPU
		{79476B59-D6EC-4C2C-9910-4023D2D42054}.Release|Any CPU.Build.0 = Release|Any CPU
		{79476B59-D6EC-4C2C-9910-4023D2D42054}.Release|x64.ActiveCfg = Release|Any CPU
		{79476B59-D6EC-4C2C-9910-4023D2D42054}.Release|x64.Build.0 = Release|Any CPU
		{79476B59-D6EC-4C2C-9910-4023D2D42054}.Release|x86.ActiveCfg = Release|Any CPU
		{79476B59-D6EC-4C2C-9910-4023D2D42054}.Release|x86.Build.0 = Release|Any CPU
		{942DDBA2-654F-4406-8E15-6A0B3C0238D7}.Debug|Any CPU.ActiveCfg = Debug|Any CPU
		{942DDBA2-654F-4406-8E15-6A0B3C0238D7}.Debug|Any CPU.Build.0 = Debug|Any CPU
		{942DDBA2-654F-4406-8E15-6A0B3C0238D7}.Debug|x64.ActiveCfg = Debug|Any CPU
		{942DDBA2-654F-4406-8E15-6A0B3C0238D7}.Debug|x64.Build.0 = Debug|Any CPU
		{942DDBA2-654F-4406-8E15-6A0B3C0238D7}.Debug|x86.ActiveCfg = Debug|Any CPU
		{942DDBA2-654F-4406-8E15-6A0B3C0238D7}.Debug|x86.Build.0 = Debug|Any CPU
		{942DDBA2-654F-4406-8E15-6A0B3C0238D7}.Release|Any CPU.ActiveCfg = Release|Any CPU
		{942DDBA2-654F-4406-8E15-6A0B3C0238D7}.Release|Any CPU.Build.0 = Release|Any CPU
		{942DDBA2-654F-4406-8E15-6A0B3C0238D7}.Release|x64.ActiveCfg = Release|Any CPU
		{942DDBA2-654F-4406-8E15-6A0B3C0238D7}.Release|x64.Build.0 = Release|Any CPU
		{942DDBA2-654F-4406-8E15-6A0B3C0238D7}.Release|x86.ActiveCfg = Release|Any CPU
		{942DDBA2-654F-4406-8E15-6A0B3C0238D7}.Release|x86.Build.0 = Release|Any CPU
		{08202E06-5090-466C-85DD-B3EF2BB76E71}.Debug|Any CPU.ActiveCfg = Debug|Any CPU
		{08202E06-5090-466C-85DD-B3EF2BB76E71}.Debug|Any CPU.Build.0 = Debug|Any CPU
		{08202E06-5090-466C-85DD-B3EF2BB76E71}.Debug|x64.ActiveCfg = Debug|Any CPU
		{08202E06-5090-466C-85DD-B3EF2BB76E71}.Debug|x64.Build.0 = Debug|Any CPU
		{08202E06-5090-466C-85DD-B3EF2BB76E71}.Debug|x86.ActiveCfg = Debug|Any CPU
		{08202E06-5090-466C-85DD-B3EF2BB76E71}.Debug|x86.Build.0 = Debug|Any CPU
		{08202E06-5090-466C-85DD-B3EF2BB76E71}.Release|Any CPU.ActiveCfg = Release|Any CPU
		{08202E06-5090-466C-85DD-B3EF2BB76E71}.Release|Any CPU.Build.0 = Release|Any CPU
		{08202E06-5090-466C-85DD-B3EF2BB76E71}.Release|x64.ActiveCfg = Release|Any CPU
		{08202E06-5090-466C-85DD-B3EF2BB76E71}.Release|x64.Build.0 = Release|Any CPU
		{08202E06-5090-466C-85DD-B3EF2BB76E71}.Release|x86.ActiveCfg = Release|Any CPU
		{08202E06-5090-466C-85DD-B3EF2BB76E71}.Release|x86.Build.0 = Release|Any CPU
		{24A4CD31-6005-40AF-979D-DACE413142F5}.Debug|Any CPU.ActiveCfg = Debug|Any CPU
		{24A4CD31-6005-40AF-979D-DACE413142F5}.Debug|Any CPU.Build.0 = Debug|Any CPU
		{24A4CD31-6005-40AF-979D-DACE413142F5}.Debug|x64.ActiveCfg = Debug|Any CPU
		{24A4CD31-6005-40AF-979D-DACE413142F5}.Debug|x64.Build.0 = Debug|Any CPU
		{24A4CD31-6005-40AF-979D-DACE413142F5}.Debug|x86.ActiveCfg = Debug|Any CPU
		{24A4CD31-6005-40AF-979D-DACE413142F5}.Debug|x86.Build.0 = Debug|Any CPU
		{24A4CD31-6005-40AF-979D-DACE413142F5}.Release|Any CPU.ActiveCfg = Release|Any CPU
		{24A4CD31-6005-40AF-979D-DACE413142F5}.Release|Any CPU.Build.0 = Release|Any CPU
		{24A4CD31-6005-40AF-979D-DACE413142F5}.Release|x64.ActiveCfg = Release|Any CPU
		{24A4CD31-6005-40AF-979D-DACE413142F5}.Release|x64.Build.0 = Release|Any CPU
		{24A4CD31-6005-40AF-979D-DACE413142F5}.Release|x86.ActiveCfg = Release|Any CPU
		{24A4CD31-6005-40AF-979D-DACE413142F5}.Release|x86.Build.0 = Release|Any CPU
		{FD9226D5-05F3-40E0-9D6C-A9E38A0E1D84}.Debug|Any CPU.ActiveCfg = Debug|Any CPU
		{FD9226D5-05F3-40E0-9D6C-A9E38A0E1D84}.Debug|Any CPU.Build.0 = Debug|Any CPU
		{FD9226D5-05F3-40E0-9D6C-A9E38A0E1D84}.Debug|x64.ActiveCfg = Debug|Any CPU
		{FD9226D5-05F3-40E0-9D6C-A9E38A0E1D84}.Debug|x64.Build.0 = Debug|Any CPU
		{FD9226D5-05F3-40E0-9D6C-A9E38A0E1D84}.Debug|x86.ActiveCfg = Debug|Any CPU
		{FD9226D5-05F3-40E0-9D6C-A9E38A0E1D84}.Debug|x86.Build.0 = Debug|Any CPU
		{FD9226D5-05F3-40E0-9D6C-A9E38A0E1D84}.Release|Any CPU.ActiveCfg = Release|Any CPU
		{FD9226D5-05F3-40E0-9D6C-A9E38A0E1D84}.Release|Any CPU.Build.0 = Release|Any CPU
		{FD9226D5-05F3-40E0-9D6C-A9E38A0E1D84}.Release|x64.ActiveCfg = Release|Any CPU
		{FD9226D5-05F3-40E0-9D6C-A9E38A0E1D84}.Release|x64.Build.0 = Release|Any CPU
		{FD9226D5-05F3-40E0-9D6C-A9E38A0E1D84}.Release|x86.ActiveCfg = Release|Any CPU
		{FD9226D5-05F3-40E0-9D6C-A9E38A0E1D84}.Release|x86.Build.0 = Release|Any CPU
		{D4670529-29DE-4C7D-AF57-DF275A18F3E6}.Debug|Any CPU.ActiveCfg = Debug|Any CPU
		{D4670529-29DE-4C7D-AF57-DF275A18F3E6}.Debug|Any CPU.Build.0 = Debug|Any CPU
		{D4670529-29DE-4C7D-AF57-DF275A18F3E6}.Debug|x64.ActiveCfg = Debug|Any CPU
		{D4670529-29DE-4C7D-AF57-DF275A18F3E6}.Debug|x64.Build.0 = Debug|Any CPU
		{D4670529-29DE-4C7D-AF57-DF275A18F3E6}.Debug|x86.ActiveCfg = Debug|Any CPU
		{D4670529-29DE-4C7D-AF57-DF275A18F3E6}.Debug|x86.Build.0 = Debug|Any CPU
		{D4670529-29DE-4C7D-AF57-DF275A18F3E6}.Release|Any CPU.ActiveCfg = Release|Any CPU
		{D4670529-29DE-4C7D-AF57-DF275A18F3E6}.Release|Any CPU.Build.0 = Release|Any CPU
		{D4670529-29DE-4C7D-AF57-DF275A18F3E6}.Release|x64.ActiveCfg = Release|Any CPU
		{D4670529-29DE-4C7D-AF57-DF275A18F3E6}.Release|x64.Build.0 = Release|Any CPU
		{D4670529-29DE-4C7D-AF57-DF275A18F3E6}.Release|x86.ActiveCfg = Release|Any CPU
		{D4670529-29DE-4C7D-AF57-DF275A18F3E6}.Release|x86.Build.0 = Release|Any CPU
		{B1DA3F4D-BF1B-4EFF-8A9A-2E9FF3A5D70B}.Debug|Any CPU.ActiveCfg = Debug|Any CPU
		{B1DA3F4D-BF1B-4EFF-8A9A-2E9FF3A5D70B}.Debug|Any CPU.Build.0 = Debug|Any CPU
		{B1DA3F4D-BF1B-4EFF-8A9A-2E9FF3A5D70B}.Debug|x64.ActiveCfg = Debug|Any CPU
		{B1DA3F4D-BF1B-4EFF-8A9A-2E9FF3A5D70B}.Debug|x64.Build.0 = Debug|Any CPU
		{B1DA3F4D-BF1B-4EFF-8A9A-2E9FF3A5D70B}.Debug|x86.ActiveCfg = Debug|Any CPU
		{B1DA3F4D-BF1B-4EFF-8A9A-2E9FF3A5D70B}.Debug|x86.Build.0 = Debug|Any CPU
		{B1DA3F4D-BF1B-4EFF-8A9A-2E9FF3A5D70B}.Release|Any CPU.ActiveCfg = Release|Any CPU
		{B1DA3F4D-BF1B-4EFF-8A9A-2E9FF3A5D70B}.Release|Any CPU.Build.0 = Release|Any CPU
		{B1DA3F4D-BF1B-4EFF-8A9A-2E9FF3A5D70B}.Release|x64.ActiveCfg = Release|Any CPU
		{B1DA3F4D-BF1B-4EFF-8A9A-2E9FF3A5D70B}.Release|x64.Build.0 = Release|Any CPU
		{B1DA3F4D-BF1B-4EFF-8A9A-2E9FF3A5D70B}.Release|x86.ActiveCfg = Release|Any CPU
		{B1DA3F4D-BF1B-4EFF-8A9A-2E9FF3A5D70B}.Release|x86.Build.0 = Release|Any CPU
	EndGlobalSection
	GlobalSection(SolutionProperties) = preSolution
		HideSolutionNode = FALSE
	EndGlobalSection
EndGlobal
